{
  "originHash" : "146333e3b59cb1980d282cc312cd007e88e3aaa7c412c97e71fcab0031f4f037",
  "pins" : [
    {
      "identity" : "example-package-figlet",
      "kind" : "remoteSourceControl",
      "location" : "https://github.com/apple/example-package-figlet",
      "state" : {
        "branch" : "main",
        "revision" : "166eef46de0b094d6d1966e749f727d6c4beba0e"
      }
    }
  ],
  "version" : 3
}
